
Microsoft Visual Studio Solution File, Format Version 12.00
# Visual Studio Version 17
VisualStudioVersion = 17.1.32113.165
MinimumVisualStudioVersion = 10.0.40219.1
Project("{2150E333-8FDC-42A3-9474-1A3956D46DE8}") = "Cpp", "Cpp", "{0AC134D5-97CD-4724-A717-1C0C8EC76F05}"
EndProject
Project("{2150E333-8FDC-42A3-9474-1A3956D46DE8}") = "Cs", "Cs", "{16878C85-013A-4EF7-92DF-F18954B9170D}"
EndProject
Project("{2150E333-8FDC-42A3-9474-1A3956D46DE8}") = "1-Getting-Started", "1-Getting-Started", "{69E36221-7B54-4891-AB39-B9F2C5025815}"
EndProject
Project("{8BC9CEB8-8B4A-11D0-8D11-00A0C91BC942}") = "2-HelloFroge", "Cpp\1-getting-started\2-HelloFroge\2-HelloFroge.vcxproj", "{664B6593-747C-4D41-AB59-0D0E792D0FA2}"
EndProject
Project("{2150E333-8FDC-42A3-9474-1A3956D46DE8}") = "_items", "_items", "{315B2447-825D-406E-9347-509070A87B31}"
	ProjectSection(SolutionItems) = preProject
		..\.editorconfig = ..\.editorconfig
		..\.gitignore = ..\.gitignore
		..\CONTRIBUTING.md = ..\CONTRIBUTING.md
		..\LICENSE = ..\LICENSE
		..\mkdocs.yml = ..\mkdocs.yml
		..\README.md = ..\README.md
	EndProjectSection
EndProject
Project("{8BC9CEB8-8B4A-11D0-8D11-00A0C91BC942}") = "1-1-1-HelloGLFWWindow", "Cpp\1-getting-started\1-1-1-HelloGLFWWindow\1-1-1-HelloGLFWWindow.vcxproj", "{D117BF69-AD4E-426D-8835-2E2E849E46D1}"
EndProject
Project("{8BC9CEB8-8B4A-11D0-8D11-00A0C91BC942}") = "1-1-1-HelloWin32Window", "Cpp\1-getting-started\1-1-1-HelloWin32Window\1-1-1-HelloWin32Window.vcxproj", "{B950214C-0583-4447-8A53-AA36B1402459}"
EndProject
Project("{8BC9CEB8-8B4A-11D0-8D11-00A0C91BC942}") = "1-1-1-HelloWindow", "Cpp\1-getting-started\1-1-1-HelloWindow\1-1-1-HelloWindow.vcxproj", "{DE211E5C-4A95-4A67-9AA7-0A6DDBA68D55}"
EndProject
Project("{8BC9CEB8-8B4A-11D0-8D11-00A0C91BC942}") = "1-1-2-HelloD3D11", "Cpp\1-getting-started\1-1-2-HelloD3D11\1-1-2-HelloD3D11.vcxproj", "{9C3191A6-5486-4F91-A467-19D407C44A83}"
EndProject
Project("{8BC9CEB8-8B4A-11D0-8D11-00A0C91BC942}") = "1-1-3-HelloTriangle", "Cpp\1-getting-started\1-1-3-HelloTriangle\1-1-3-HelloTriangle.vcxproj", "{0D6F76D9-A15E-451F-A6CA-B3B0C45F631F}"
EndProject
Project("{8BC9CEB8-8B4A-11D0-8D11-00A0C91BC942}") = "1-1-0-Empty", "Cpp\1-getting-started\1-1-0-Empty\1-1-0-Empty.vcxproj", "{5C2CA1DA-6C84-4241-BF03-4D1E740B0CB0}"
EndProject
Project("{2150E333-8FDC-42A3-9474-1A3956D46DE8}") = "2-Debug-Layer", "2-Debug-Layer", "{8A1C7142-5362-42B8-AD0D-614758231633}"
EndProject
Project("{8BC9CEB8-8B4A-11D0-8D11-00A0C91BC942}") = "1-2-2-DebugLayer", "Cpp\1-getting-started\1-2-2-DebugLayer\1-2-2-DebugLayer.vcxproj", "{E30FACD4-DD3A-425C-AE0E-874FD02D6161}"
EndProject
Project("{8BC9CEB8-8B4A-11D0-8D11-00A0C91BC942}") = "1-2-3-NamingThings", "Cpp\1-getting-started\1-2-3-NamingThings\1-2-3-NamingThings.vcxproj", "{73748C0E-E32A-4276-8848-1DABD5136AE4}"
EndProject
Project("{2150E333-8FDC-42A3-9474-1A3956D46DE8}") = "3-Models", "3-Models", "{125F76A8-AE74-44AE-B471-BE7C09EB5EB4}"
EndProject
Project("{8BC9CEB8-8B4A-11D0-8D11-00A0C91BC942}") = "1-3-1-ImageLibrary", "Cpp\1-getting-started\1-3-1-ImageLibrary\1-3-1-ImageLibrary.vcxproj", "{FAFF4FF7-7CB0-475D-AC8E-59156B3BC8B4}"
EndProject
Project("{8BC9CEB8-8B4A-11D0-8D11-00A0C91BC942}") = "1-3-2-LoadingMeshes", "Cpp\1-getting-started\1-3-2-LoadingMeshes\1-3-2-LoadingMeshes.vcxproj", "{C1C659F7-25F7-463E-BC25-83DCD748044E}"
EndProject
Project("{8BC9CEB8-8B4A-11D0-8D11-00A0C91BC942}") = "1-1-3-HelloTriangle-Refactored", "Cpp\1-getting-started\1-1-3-HelloTriangle-Refactored\1-1-3-HelloTriangle-Refactored.vcxproj", "{A1F990E5-58A1-4345-AF2B-599F785519A7}"
EndProject
Project("{8BC9CEB8-8B4A-11D0-8D11-00A0C91BC942}") = "1-3-2-LoadingMeshes-Refactored", "Cpp\1-getting-started\1-3-2-LoadingMeshes-Refactored\1-3-2-LoadingMeshes-Refactored.vcxproj", "{1B3547F4-344F-41FC-8AB0-312AF6E01A96}"
EndProject
Project("{8BC9CEB8-8B4A-11D0-8D11-00A0C91BC942}") = "1-3-3-DearImGui", "Cpp\1-getting-started\1-3-3-DearImGui\1-3-3-DearImGui.vcxproj", "{0989B526-EC66-4C1C-8121-4B9AC53E2C83}"
EndProject
Global
	GlobalSection(SolutionConfigurationPlatforms) = preSolution
		Debug|x64 = Debug|x64
		Release|x64 = Release|x64
	EndGlobalSection
	GlobalSection(ProjectConfigurationPlatforms) = postSolution
		{664B6593-747C-4D41-AB59-0D0E792D0FA2}.Debug|x64.ActiveCfg = Debug|x64
		{664B6593-747C-4D41-AB59-0D0E792D0FA2}.Debug|x64.Build.0 = Debug|x64
		{664B6593-747C-4D41-AB59-0D0E792D0FA2}.Release|x64.ActiveCfg = Release|x64
		{664B6593-747C-4D41-AB59-0D0E792D0FA2}.Release|x64.Build.0 = Release|x64
		{D117BF69-AD4E-426D-8835-2E2E849E46D1}.Debug|x64.ActiveCfg = Debug|x64
		{D117BF69-AD4E-426D-8835-2E2E849E46D1}.Debug|x64.Build.0 = Debug|x64
		{D117BF69-AD4E-426D-8835-2E2E849E46D1}.Release|x64.ActiveCfg = Release|x64
		{D117BF69-AD4E-426D-8835-2E2E849E46D1}.Release|x64.Build.0 = Release|x64
		{B950214C-0583-4447-8A53-AA36B1402459}.Debug|x64.ActiveCfg = Debug|x64
		{B950214C-0583-4447-8A53-AA36B1402459}.Debug|x64.Build.0 = Debug|x64
		{B950214C-0583-4447-8A53-AA36B1402459}.Release|x64.ActiveCfg = Release|x64
		{B950214C-0583-4447-8A53-AA36B1402459}.Release|x64.Build.0 = Release|x64
		{DE211E5C-4A95-4A67-9AA7-0A6DDBA68D55}.Debug|x64.ActiveCfg = Debug|x64
		{DE211E5C-4A95-4A67-9AA7-0A6DDBA68D55}.Debug|x64.Build.0 = Debug|x64
		{DE211E5C-4A95-4A67-9AA7-0A6DDBA68D55}.Release|x64.ActiveCfg = Release|x64
		{DE211E5C-4A95-4A67-9AA7-0A6DDBA68D55}.Release|x64.Build.0 = Release|x64
		{9C3191A6-5486-4F91-A467-19D407C44A83}.Debug|x64.ActiveCfg = Debug|x64
		{9C3191A6-5486-4F91-A467-19D407C44A83}.Debug|x64.Build.0 = Debug|x64
		{9C3191A6-5486-4F91-A467-19D407C44A83}.Release|x64.ActiveCfg = Release|x64
		{9C3191A6-5486-4F91-A467-19D407C44A83}.Release|x64.Build.0 = Release|x64
		{0D6F76D9-A15E-451F-A6CA-B3B0C45F631F}.Debug|x64.ActiveCfg = Debug|x64
		{0D6F76D9-A15E-451F-A6CA-B3B0C45F631F}.Debug|x64.Build.0 = Debug|x64
		{0D6F76D9-A15E-451F-A6CA-B3B0C45F631F}.Release|x64.ActiveCfg = Release|x64
		{0D6F76D9-A15E-451F-A6CA-B3B0C45F631F}.Release|x64.Build.0 = Release|x64
		{5C2CA1DA-6C84-4241-BF03-4D1E740B0CB0}.Debug|x64.ActiveCfg = Debug|x64
		{5C2CA1DA-6C84-4241-BF03-4D1E740B0CB0}.Debug|x64.Build.0 = Debug|x64
		{5C2CA1DA-6C84-4241-BF03-4D1E740B0CB0}.Release|x64.ActiveCfg = Release|x64
		{5C2CA1DA-6C84-4241-BF03-4D1E740B0CB0}.Release|x64.Build.0 = Release|x64
		{E30FACD4-DD3A-425C-AE0E-874FD02D6161}.Debug|x64.ActiveCfg = Debug|x64
		{E30FACD4-DD3A-425C-AE0E-874FD02D6161}.Debug|x64.Build.0 = Debug|x64
		{E30FACD4-DD3A-425C-AE0E-874FD02D6161}.Release|x64.ActiveCfg = Release|x64
		{E30FACD4-DD3A-425C-AE0E-874FD02D6161}.Release|x64.Build.0 = Release|x64
		{73748C0E-E32A-4276-8848-1DABD5136AE4}.Debug|x64.ActiveCfg = Debug|x64
		{73748C0E-E32A-4276-8848-1DABD5136AE4}.Debug|x64.Build.0 = Debug|x64
		{73748C0E-E32A-4276-8848-1DABD5136AE4}.Release|x64.ActiveCfg = Release|x64
		{73748C0E-E32A-4276-8848-1DABD5136AE4}.Release|x64.Build.0 = Release|x64
		{FAFF4FF7-7CB0-475D-AC8E-59156B3BC8B4}.Debug|x64.ActiveCfg = Debug|x64
		{FAFF4FF7-7CB0-475D-AC8E-59156B3BC8B4}.Debug|x64.Build.0 = Debug|x64
		{FAFF4FF7-7CB0-475D-AC8E-59156B3BC8B4}.Release|x64.ActiveCfg = Release|x64
		{FAFF4FF7-7CB0-475D-AC8E-59156B3BC8B4}.Release|x64.Build.0 = Release|x64
		{C1C659F7-25F7-463E-BC25-83DCD748044E}.Debug|x64.ActiveCfg = Debug|x64
		{C1C659F7-25F7-463E-BC25-83DCD748044E}.Debug|x64.Build.0 = Debug|x64
		{C1C659F7-25F7-463E-BC25-83DCD748044E}.Release|x64.ActiveCfg = Release|x64
		{C1C659F7-25F7-463E-BC25-83DCD748044E}.Release|x64.Build.0 = Release|x64
		{A1F990E5-58A1-4345-AF2B-599F785519A7}.Debug|x64.ActiveCfg = Debug|x64
		{A1F990E5-58A1-4345-AF2B-599F785519A7}.Debug|x64.Build.0 = Debug|x64
		{A1F990E5-58A1-4345-AF2B-599F785519A7}.Release|x64.ActiveCfg = Release|x64
		{A1F990E5-58A1-4345-AF2B-599F785519A7}.Release|x64.Build.0 = Release|x64
		{1B3547F4-344F-41FC-8AB0-312AF6E01A96}.Debug|x64.ActiveCfg = Debug|x64
		{1B3547F4-344F-41FC-8AB0-312AF6E01A96}.Debug|x64.Build.0 = Debug|x64
		{1B3547F4-344F-41FC-8AB0-312AF6E01A96}.Release|x64.ActiveCfg = Release|x64
		{1B3547F4-344F-41FC-8AB0-312AF6E01A96}.Release|x64.Build.0 = Release|x64
		{0989B526-EC66-4C1C-8121-4B9AC53E2C83}.Debug|x64.ActiveCfg = Debug|x64
		{0989B526-EC66-4C1C-8121-4B9AC53E2C83}.Debug|x64.Build.0 = Debug|x64
		{0989B526-EC66-4C1C-8121-4B9AC53E2C83}.Release|x64.ActiveCfg = Release|x64
		{0989B526-EC66-4C1C-8121-4B9AC53E2C83}.Release|x64.Build.0 = Release|x64
	EndGlobalSection
	GlobalSection(SolutionProperties) = preSolution
		HideSolutionNode = FALSE
	EndGlobalSection
	GlobalSection(NestedProjects) = preSolution
		{69E36221-7B54-4891-AB39-B9F2C5025815} = {0AC134D5-97CD-4724-A717-1C0C8EC76F05}
		{664B6593-747C-4D41-AB59-0D0E792D0FA2} = {69E36221-7B54-4891-AB39-B9F2C5025815}
		{D117BF69-AD4E-426D-8835-2E2E849E46D1} = {69E36221-7B54-4891-AB39-B9F2C5025815}
		{B950214C-0583-4447-8A53-AA36B1402459} = {69E36221-7B54-4891-AB39-B9F2C5025815}
		{DE211E5C-4A95-4A67-9AA7-0A6DDBA68D55} = {69E36221-7B54-4891-AB39-B9F2C5025815}
		{9C3191A6-5486-4F91-A467-19D407C44A83} = {69E36221-7B54-4891-AB39-B9F2C5025815}
		{0D6F76D9-A15E-451F-A6CA-B3B0C45F631F} = {69E36221-7B54-4891-AB39-B9F2C5025815}
		{5C2CA1DA-6C84-4241-BF03-4D1E740B0CB0} = {69E36221-7B54-4891-AB39-B9F2C5025815}
		{8A1C7142-5362-42B8-AD0D-614758231633} = {0AC134D5-97CD-4724-A717-1C0C8EC76F05}
		{E30FACD4-DD3A-425C-AE0E-874FD02D6161} = {8A1C7142-5362-42B8-AD0D-614758231633}
		{73748C0E-E32A-4276-8848-1DABD5136AE4} = {8A1C7142-5362-42B8-AD0D-614758231633}
		{125F76A8-AE74-44AE-B471-BE7C09EB5EB4} = {0AC134D5-97CD-4724-A717-1C0C8EC76F05}
		{FAFF4FF7-7CB0-475D-AC8E-59156B3BC8B4} = {125F76A8-AE74-44AE-B471-BE7C09EB5EB4}
		{C1C659F7-25F7-463E-BC25-83DCD748044E} = {125F76A8-AE74-44AE-B471-BE7C09EB5EB4}
		{A1F990E5-58A1-4345-AF2B-599F785519A7} = {69E36221-7B54-4891-AB39-B9F2C5025815}
		{1B3547F4-344F-41FC-8AB0-312AF6E01A96} = {125F76A8-AE74-44AE-B471-BE7C09EB5EB4}
		{0989B526-EC66-4C1C-8121-4B9AC53E2C83} = {125F76A8-AE74-44AE-B471-BE7C09EB5EB4}
	EndGlobalSection
	GlobalSection(ExtensibilityGlobals) = postSolution
		SolutionGuid = {839E559F-F97F-45D6-986E-121DDB0297EA}
	EndGlobalSection
EndGlobal
